
Microsoft Visual Studio Solution File, Format Version 12.00
# Visual Studio 15
VisualStudioVersion = 15.0.28010.2050
MinimumVisualStudioVersion = 10.0.40219.1
Project("{8BC9CEB8-8B4A-11D0-8D11-00A0C91BC942}") = "Interpolation", "Interpolation\Interpolation.vcxproj", "{C084359A-A415-4CA1-9BDA-D1350B50B376}"
EndProject
Project("{8BC9CEB8-8B4A-11D0-8D11-00A0C91BC942}") = "btree", "btree\btree.vcxproj", "{C62C907C-10E9-494C-9D96-C1F99E4A9451}"
EndProject
Project("{8BC9CEB8-8B4A-11D0-8D11-00A0C91BC942}") = "hashing", "hashing\hashing.vcxproj", "{B601D3D3-3201-440F-A202-2D8C8F0CECA6}"
EndProject
Project("{8BC9CEB8-8B4A-11D0-8D11-00A0C91BC942}") = "btree_bisearch", "btree_bisearch\btree_bisearch.vcxproj", "{255B53FE-8A69-4094-9D91-7EA02592471A}"
EndProject
Global
	GlobalSection(SolutionConfigurationPlatforms) = preSolution
		Debug|x64 = Debug|x64
		Debug|x86 = Debug|x86
		Release|x64 = Release|x64
		Release|x86 = Release|x86
	EndGlobalSection
	GlobalSection(ProjectConfigurationPlatforms) = postSolution
		{C084359A-A415-4CA1-9BDA-D1350B50B376}.Debug|x64.ActiveCfg = Debug|x64
		{C084359A-A415-4CA1-9BDA-D1350B50B376}.Debug|x64.Build.0 = Debug|x64
		{C084359A-A415-4CA1-9BDA-D1350B50B376}.Debug|x86.ActiveCfg = Debug|Win32
		{C084359A-A415-4CA1-9BDA-D1350B50B376}.Debug|x86.Build.0 = Debug|Win32
		{C084359A-A415-4CA1-9BDA-D1350B50B376}.Release|x64.ActiveCfg = Release|x64
		{C084359A-A415-4CA1-9BDA-D1350B50B376}.Release|x64.Build.0 = Release|x64
		{C084359A-A415-4CA1-9BDA-D1350B50B376}.Release|x86.ActiveCfg = Release|Win32
		{C084359A-A415-4CA1-9BDA-D1350B50B376}.Release|x86.Build.0 = Release|Win32
		{C62C907C-10E9-494C-9D96-C1F99E4A9451}.Debug|x64.ActiveCfg = Debug|x64
		{C62C907C-10E9-494C-9D96-C1F99E4A9451}.Debug|x64.Build.0 = Debug|x64
		{C62C907C-10E9-494C-9D96-C1F99E4A9451}.Debug|x86.ActiveCfg = Debug|Win32
		{C62C907C-10E9-494C-9D96-C1F99E4A9451}.Debug|x86.Build.0 = Debug|Win32
		{C62C907C-10E9-494C-9D96-C1F99E4A9451}.Release|x64.ActiveCfg = Release|x64
		{C62C907C-10E9-494C-9D96-C1F99E4A9451}.Release|x64.Build.0 = Release|x64
		{C62C907C-10E9-494C-9D96-C1F99E4A9451}.Release|x86.ActiveCfg = Release|Win32
		{C62C907C-10E9-494C-9D96-C1F99E4A9451}.Release|x86.Build.0 = Release|Win32
		{B601D3D3-3201-440F-A202-2D8C8F0CECA6}.Debug|x64.ActiveCfg = Debug|x64
		{B601D3D3-3201-440F-A202-2D8C8F0CECA6}.Debug|x64.Build.0 = Debug|x64
		{B601D3D3-3201-440F-A202-2D8C8F0CECA6}.Debug|x86.ActiveCfg = Debug|Win32
		{B601D3D3-3201-440F-A202-2D8C8F0CECA6}.Debug|x86.Build.0 = Debug|Win32
		{B601D3D3-3201-440F-A202-2D8C8F0CECA6}.Release|x64.ActiveCfg = Release|x64
		{B601D3D3-3201-440F-A202-2D8C8F0CECA6}.Release|x64.Build.0 = Release|x64
		{B601D3D3-3201-440F-A202-2D8C8F0CECA6}.Release|x86.ActiveCfg = Release|Win32
		{B601D3D3-3201-440F-A202-2D8C8F0CECA6}.Release|x86.Build.0 = Release|Win32
		{255B53FE-8A69-4094-9D91-7EA02592471A}.Debug|x64.ActiveCfg = Debug|x64
		{255B53FE-8A69-4094-9D91-7EA02592471A}.Debug|x64.Build.0 = Debug|x64
		{255B53FE-8A69-4094-9D91-7EA02592471A}.Debug|x86.ActiveCfg = Debug|Win32
		{255B53FE-8A69-4094-9D91-7EA02592471A}.Debug|x86.Build.0 = Debug|Win32
		{255B53FE-8A69-4094-9D91-7EA02592471A}.Release|x64.ActiveCfg = Release|x64
		{255B53FE-8A69-4094-9D91-7EA02592471A}.Release|x64.Build.0 = Release|x64
		{255B53FE-8A69-4094-9D91-7EA02592471A}.Release|x86.ActiveCfg = Release|Win32
		{255B53FE-8A69-4094-9D91-7EA02592471A}.Release|x86.Build.0 = Release|Win32
	EndGlobalSection
	GlobalSection(SolutionProperties) = preSolution
		HideSolutionNode = FALSE
	EndGlobalSection
	GlobalSection(ExtensibilityGlobals) = postSolution
		SolutionGuid = {CF3F607A-467F-40D6-946C-7A30E1559C92}
	EndGlobalSection
EndGlobal
